// !$*UTF8*$!
{
	archiveVersion = 1;
	classes = {
	};
	objectVersion = 56;
	objects = {

/* Begin PBXBuildFile section */
		2150A85C2B1A446100FA2FD8 /* AppDelegate.swift in Sources */ = {isa = PBXBuildFile; fileRef = 2150A85B2B1A446100FA2FD8 /* AppDelegate.swift */; };
		2150A85E2B1A446100FA2FD8 /* SceneDelegate.swift in Sources */ = {isa = PBXBuildFile; fileRef = 2150A85D2B1A446100FA2FD8 /* SceneDelegate.swift */; };
		2150A8602B1A446100FA2FD8 /* ViewController.swift in Sources */ = {isa = PBXBuildFile; fileRef = 2150A85F2B1A446100FA2FD8 /* ViewController.swift */; };
		2150A8632B1A446100FA2FD8 /* Main.storyboard in Resources */ = {isa = PBXBuildFile; fileRef = 2150A8612B1A446100FA2FD8 /* Main.storyboard */; };
		2150A8652B1A446300FA2FD8 /* Assets.xcassets in Resources */ = {isa = PBXBuildFile; fileRef = 2150A8642B1A446300FA2FD8 /* Assets.xcassets */; };
		2150A8682B1A446300FA2FD8 /* LaunchScreen.storyboard in Resources */ = {isa = PBXBuildFile; fileRef = 2150A8662B1A446300FA2FD8 /* LaunchScreen.storyboard */; };
		2150A8732B1A446300FA2FD8 /* WorldWondersTests.swift in Sources */ = {isa = PBXBuildFile; fileRef = 2150A8722B1A446300FA2FD8 /* WorldWondersTests.swift */; };
		2150A87D2B1A446300FA2FD8 /* WorldWondersUITests.swift in Sources */ = {isa = PBXBuildFile; fileRef = 2150A87C2B1A446300FA2FD8 /* WorldWondersUITests.swift */; };
		2150A87F2B1A446300FA2FD8 /* WorldWondersUITestsLaunchTests.swift in Sources */ = {isa = PBXBuildFile; fileRef = 2150A87E2B1A446300FA2FD8 /* WorldWondersUITestsLaunchTests.swift */; };
/* End PBXBuildFile section */

/* Begin PBXContainerItemProxy section */
		2150A86F2B1A446300FA2FD8 /* PBXContainerItemProxy */ = {
			isa = PBXContainerItemProxy;
			containerPortal = 2150A8502B1A446100FA2FD8 /* Project object */;
			proxyType = 1;
			remoteGlobalIDString = 2150A8572B1A446100FA2FD8;
			remoteInfo = WorldWonders;
		};
		2150A8792B1A446300FA2FD8 /* PBXContainerItemProxy */ = {
			isa = PBXContainerItemProxy;
			containerPortal = 2150A8502B1A446100FA2FD8 /* Project object */;
			proxyType = 1;
			remoteGlobalIDString = 2150A8572B1A446100FA2FD8;
			remoteInfo = WorldWonders;
		};
/* End PBXContainerItemProxy section */

/* Begin PBXFileReference section */
		2150A8582B1A446100FA2FD8 /* WorldWonders.app */ = {isa = PBXFileReference; explicitFileType = wrapper.application; includeInIndex = 0; path = WorldWonders.app; sourceTree = BUILT_PRODUCTS_DIR; };
		2150A85B2B1A446100FA2FD8 /* AppDelegate.swift */ = {isa = PBXFileReference; lastKnownFileType = sourcecode.swift; path = AppDelegate.swift; sourceTree = "<group>"; };
		2150A85D2B1A446100FA2FD8 /* SceneDelegate.swift */ = {isa = PBXFileReference; lastKnownFileType = sourcecode.swift; path = SceneDelegate.swift; sourceTree = "<group>"; };
		2150A85F2B1A446100FA2FD8 /* ViewController.swift */ = {isa = PBXFileReference; lastKnownFileType = sourcecode.swift; path = ViewController.swift; sourceTree = "<group>"; };
		2150A8622B1A446100FA2FD8 /* Base */ = {isa = PBXFileReference; lastKnownFileType = file.storyboard; name = Base; path = Base.lproj/Main.storyboard; sourceTree = "<group>"; };
		2150A8642B1A446300FA2FD8 /* Assets.xcassets */ = {isa = PBXFileReference; lastKnownFileType = folder.assetcatalog; path = Assets.xcassets; sourceTree = "<group>"; };
		2150A8672B1A446300FA2FD8 /* Base */ = {isa = PBXFileReference; lastKnownFileType = file.storyboard; name = Base; path = Base.lproj/LaunchScreen.storyboard; sourceTree = "<group>"; };
		2150A8692B1A446300FA2FD8 /* Info.plist */ = {isa = PBXFileReference; lastKnownFileType = text.plist.xml; path = Info.plist; sourceTree = "<group>"; };
		2150A86E2B1A446300FA2FD8 /* WorldWondersTests.xctest */ = {isa = PBXFileReference; explicitFileType = wrapper.cfbundle; includeInIndex = 0; path = WorldWondersTests.xctest; sourceTree = BUILT_PRODUCTS_DIR; };
		2150A8722B1A446300FA2FD8 /* WorldWondersTests.swift */ = {isa = PBXFileReference; lastKnownFileType = sourcecode.swift; path = WorldWondersTests.swift; sourceTree = "<group>"; };
		2150A8782B1A446300FA2FD8 /* WorldWondersUITests.xctest */ = {isa = PBXFileReference; explicitFileType = wrapper.cfbundle; includeInIndex = 0; path = WorldWondersUITests.xctest; sourceTree = BUILT_PRODUCTS_DIR; };
		2150A87C2B1A446300FA2FD8 /* WorldWondersUITests.swift */ = {isa = PBXFileReference; lastKnownFileType = sourcecode.swift; path = WorldWondersUITests.swift; sourceTree = "<group>"; };
		2150A87E2B1A446300FA2FD8 /* WorldWondersUITestsLaunchTests.swift */ = {isa = PBXFileReference; lastKnownFileType = sourcecode.swift; path = WorldWondersUITestsLaunchTests.swift; sourceTree = "<group>"; };
/* End PBXFileReference section */

/* Begin PBXFrameworksBuildPhase section */
		2150A8552B1A446100FA2FD8 /* Frameworks */ = {
			isa = PBXFrameworksBuildPhase;
			buildActionMask = 2147483647;
			files = (
			);
			runOnlyForDeploymentPostprocessing = 0;
		};
		2150A86B2B1A446300FA2FD8 /* Frameworks */ = {
			isa = PBXFrameworksBuildPhase;
			buildActionMask = 2147483647;
			files = (
			);
			runOnlyForDeploymentPostprocessing = 0;
		};
		2150A8752B1A446300FA2FD8 /* Frameworks */ = {
			isa = PBXFrameworksBuildPhase;
			buildActionMask = 2147483647;
			files = (
			);
			runOnlyForDeploymentPostprocessing = 0;
		};
/* End PBXFrameworksBuildPhase section */

/* Begin PBXGroup section */
		2150A84F2B1A446100FA2FD8 = {
			isa = PBXGroup;
			children = (
				2150A85A2B1A446100FA2FD8 /* WorldWonders */,
				2150A8712B1A446300FA2FD8 /* WorldWondersTests */,
				2150A87B2B1A446300FA2FD8 /* WorldWondersUITests */,
				2150A8592B1A446100FA2FD8 /* Products */,
			);
			sourceTree = "<group>";
		};
		2150A8592B1A446100FA2FD8 /* Products */ = {
			isa = PBXGroup;
			children = (
				2150A8582B1A446100FA2FD8 /* WorldWonders.app */,
				2150A86E2B1A446300FA2FD8 /* WorldWondersTests.xctest */,
				2150A8782B1A446300FA2FD8 /* WorldWondersUITests.xctest */,
			);
			name = Products;
			sourceTree = "<group>";
		};
		2150A85A2B1A446100FA2FD8 /* WorldWonders */ = {
			isa = PBXGroup;
			children = (
				2150A85B2B1A446100FA2FD8 /* AppDelegate.swift */,
				2150A85D2B1A446100FA2FD8 /* SceneDelegate.swift */,
				2150A85F2B1A446100FA2FD8 /* ViewController.swift */,
				2150A8612B1A446100FA2FD8 /* Main.storyboard */,
				2150A8642B1A446300FA2FD8 /* Assets.xcassets */,
				2150A8662B1A446300FA2FD8 /* LaunchScreen.storyboard */,
				2150A8692B1A446300FA2FD8 /* Info.plist */,
			);
			path = WorldWonders;
			sourceTree = "<group>";
		};
		2150A8712B1A446300FA2FD8 /* WorldWondersTests */ = {
			isa = PBXGroup;
			children = (
				2150A8722B1A446300FA2FD8 /* WorldWondersTests.swift */,
			);
			path = WorldWondersTests;
			sourceTree = "<group>";
		};
		2150A87B2B1A446300FA2FD8 /* WorldWondersUITests */ = {
			isa = PBXGroup;
			children = (
				2150A87C2B1A446300FA2FD8 /* WorldWondersUITests.swift */,
				2150A87E2B1A446300FA2FD8 /* WorldWondersUITestsLaunchTests.swift */,
			);
			path = WorldWondersUITests;
			sourceTree = "<group>";
		};
/* End PBXGroup section */

/* Begin PBXNativeTarget section */
		2150A8572B1A446100FA2FD8 /* WorldWonders */ = {
			isa = PBXNativeTarget;
			buildConfigurationList = 2150A8822B1A446300FA2FD8 /* Build configuration list for PBXNativeTarget "WorldWonders" */;
			buildPhases = (
				2150A8542B1A446100FA2FD8 /* Sources */,
				2150A8552B1A446100FA2FD8 /* Frameworks */,
				2150A8562B1A446100FA2FD8 /* Resources */,
			);
			buildRules = (
			);
			dependencies = (
			);
			name = WorldWonders;
			productName = WorldWonders;
			productReference = 2150A8582B1A446100FA2FD8 /* WorldWonders.app */;
			productType = "com.apple.product-type.application";
		};
		2150A86D2B1A446300FA2FD8 /* WorldWondersTests */ = {
			isa = PBXNativeTarget;
			buildConfigurationList = 2150A8852B1A446300FA2FD8 /* Build configuration list for PBXNativeTarget "WorldWondersTests" */;
			buildPhases = (
				2150A86A2B1A446300FA2FD8 /* Sources */,
				2150A86B2B1A446300FA2FD8 /* Frameworks */,
				2150A86C2B1A446300FA2FD8 /* Resources */,
			);
			buildRules = (
			);
			dependencies = (
				2150A8702B1A446300FA2FD8 /* PBXTargetDependency */,
			);
			name = WorldWondersTests;
			productName = WorldWondersTests;
			productReference = 2150A86E2B1A446300FA2FD8 /* WorldWondersTests.xctest */;
			productType = "com.apple.product-type.bundle.unit-test";
		};
		2150A8772B1A446300FA2FD8 /* WorldWondersUITests */ = {
			isa = PBXNativeTarget;
			buildConfigurationList = 2150A8882B1A446300FA2FD8 /* Build configuration list for PBXNativeTarget "WorldWondersUITests" */;
			buildPhases = (
				2150A8742B1A446300FA2FD8 /* Sources */,
				2150A8752B1A446300FA2FD8 /* Frameworks */,
				2150A8762B1A446300FA2FD8 /* Resources */,
			);
			buildRules = (
			);
			dependencies = (
				2150A87A2B1A446300FA2FD8 /* PBXTargetDependency */,
			);
			name = WorldWondersUITests;
			productName = WorldWondersUITests;
			productReference = 2150A8782B1A446300FA2FD8 /* WorldWondersUITests.xctest */;
			productType = "com.apple.product-type.bundle.ui-testing";
		};
/* End PBXNativeTarget section */

/* Begin PBXProject section */
		2150A8502B1A446100FA2FD8 /* Project object */ = {
			isa = PBXProject;
			attributes = {
				BuildIndependentTargetsInParallel = 1;
				LastSwiftUpdateCheck = 1500;
				LastUpgradeCheck = 1500;
				TargetAttributes = {
					2150A8572B1A446100FA2FD8 = {
						CreatedOnToolsVersion = 15.0.1;
					};
					2150A86D2B1A446300FA2FD8 = {
						CreatedOnToolsVersion = 15.0.1;
						TestTargetID = 2150A8572B1A446100FA2FD8;
					};
					2150A8772B1A446300FA2FD8 = {
						CreatedOnToolsVersion = 15.0.1;
						TestTargetID = 2150A8572B1A446100FA2FD8;
					};
				};
			};
			buildConfigurationList = 2150A8532B1A446100FA2FD8 /* Build configuration list for PBXProject "WorldWonders" */;
			compatibilityVersion = "Xcode 14.0";
			developmentRegion = en;
			hasScannedForEncodings = 0;
			knownRegions = (
				en,
				Base,
			);
			mainGroup = 2150A84F2B1A446100FA2FD8;
			productRefGroup = 2150A8592B1A446100FA2FD8 /* Products */;
			projectDirPath = "";
			projectRoot = "";
			targets = (
				2150A8572B1A446100FA2FD8 /* WorldWonders */,
				2150A86D2B1A446300FA2FD8 /* WorldWondersTests */,
				2150A8772B1A446300FA2FD8 /* WorldWondersUITests */,
			);
		};
/* End PBXProject section */

/* Begin PBXResourcesBuildPhase section */
		2150A8562B1A446100FA2FD8 /* Resources */ = {
			isa = PBXResourcesBuildPhase;
			buildActionMask = 2147483647;
			files = (
				2150A8682B1A446300FA2FD8 /* LaunchScreen.storyboard in Resources */,
				2150A8652B1A446300FA2FD8 /* Assets.xcassets in Resources */,
				2150A8632B1A446100FA2FD8 /* Main.storyboard in Resources */,
			);
			runOnlyForDeploymentPostprocessing = 0;
		};
		2150A86C2B1A446300FA2FD8 /* Resources */ = {
			isa = PBXResourcesBuildPhase;
			buildActionMask = 2147483647;
			files = (
			);
			runOnlyForDeploymentPostprocessing = 0;
		};
		2150A8762B1A446300FA2FD8 /* Resources */ = {
			isa = PBXResourcesBuildPhase;
			buildActionMask = 2147483647;
			files = (
			);
			runOnlyForDeploymentPostprocessing = 0;
		};
/* End PBXResourcesBuildPhase section */

/* Begin PBXSourcesBuildPhase section */
		2150A8542B1A446100FA2FD8 /* Sources */ = {
			isa = PBXSourcesBuildPhase;
			buildActionMask = 2147483647;
			files = (
				2150A8602B1A446100FA2FD8 /* ViewController.swift in Sources */,
				2150A85C2B1A446100FA2FD8 /* AppDelegate.swift in Sources */,
				2150A85E2B1A446100FA2FD8 /* SceneDelegate.swift in Sources */,
			);
			runOnlyForDeploymentPostprocessing = 0;
		};
		2150A86A2B1A446300FA2FD8 /* Sources */ = {
			isa = PBXSourcesBuildPhase;
			buildActionMask = 2147483647;
			files = (
				2150A8732B1A446300FA2FD8 /* WorldWondersTests.swift in Sources */,
			);
			runOnlyForDeploymentPostprocessing = 0;
		};
		2150A8742B1A446300FA2FD8 /* Sources */ = {
			isa = PBXSourcesBuildPhase;
			buildActionMask = 2147483647;
			files = (
				2150A87F2B1A446300FA2FD8 /* WorldWondersUITestsLaunchTests.swift in Sources */,
				2150A87D2B1A446300FA2FD8 /* WorldWondersUITests.swift in Sources */,
			);
			runOnlyForDeploymentPostprocessing = 0;
		};
/* End PBXSourcesBuildPhase section */

/* Begin PBXTargetDependency section */
		2150A8702B1A446300FA2FD8 /* PBXTargetDependency */ = {
			isa = PBXTargetDependency;
			target = 2150A8572B1A446100FA2FD8 /* WorldWonders */;
			targetProxy = 2150A86F2B1A446300FA2FD8 /* PBXContainerItemProxy */;
		};
		2150A87A2B1A446300FA2FD8 /* PBXTargetDependency */ = {
			isa = PBXTargetDependency;
			target = 2150A8572B1A446100FA2FD8 /* WorldWonders */;
			targetProxy = 2150A8792B1A446300FA2FD8 /* PBXContainerItemProxy */;
		};
/* End PBXTargetDependency section */

/* Begin PBXVariantGroup section */
		2150A8612B1A446100FA2FD8 /* Main.storyboard */ = {
			isa = PBXVariantGroup;
			children = (
				2150A8622B1A446100FA2FD8 /* Base */,
			);
			name = Main.storyboard;
			sourceTree = "<group>";
		};
		2150A8662B1A446300FA2FD8 /* LaunchScreen.storyboard */ = {
			isa = PBXVariantGroup;
			children = (
				2150A8672B1A446300FA2FD8 /* Base */,
			);
			name = LaunchScreen.storyboard;
			sourceTree = "<group>";
		};
/* End PBXVariantGroup section */

/* Begin XCBuildConfiguration section */
		2150A8802B1A446300FA2FD8 /* Debug */ = {
			isa = XCBuildConfiguration;
			buildSettings = {
				ALWAYS_SEARCH_USER_PATHS = NO;
				ASSETCATALOG_COMPILER_GENERATE_SWIFT_ASSET_SYMBOL_EXTENSIONS = YES;
				CLANG_ANALYZER_NONNULL = YES;
				CLANG_ANALYZER_NUMBER_OBJECT_CONVERSION = YES_AGGRESSIVE;
				CLANG_CXX_LANGUAGE_STANDARD = "gnu++20";
				CLANG_ENABLE_MODULES = YES;
				CLANG_ENABLE_OBJC_ARC = YES;
				CLANG_ENABLE_OBJC_WEAK = YES;
				CLANG_WARN_BLOCK_CAPTURE_AUTORELEASING = YES;
				CLANG_WARN_BOOL_CONVERSION = YES;
				CLANG_WARN_COMMA = YES;
				CLANG_WARN_CONSTANT_CONVERSION = YES;
				CLANG_WARN_DEPRECATED_OBJC_IMPLEMENTATIONS = YES;
				CLANG_WARN_DIRECT_OBJC_ISA_USAGE = YES_ERROR;
				CLANG_WARN_DOCUMENTATION_COMMENTS = YES;
				CLANG_WARN_EMPTY_BODY = YES;
				CLANG_WARN_ENUM_CONVERSION = YES;
				CLANG_WARN_INFINITE_RECURSION = YES;
				CLANG_WARN_INT_CONVERSION = YES;
				CLANG_WARN_NON_LITERAL_NULL_CONVERSION = YES;
				CLANG_WARN_OBJC_IMPLICIT_RETAIN_SELF = YES;
				CLANG_WARN_OBJC_LITERAL_CONVERSION = YES;
				CLANG_WARN_OBJC_ROOT_CLASS = YES_ERROR;
				CLANG_WARN_QUOTED_INCLUDE_IN_FRAMEWORK_HEADER = YES;
				CLANG_WARN_RANGE_LOOP_ANALYSIS = YES;
				CLANG_WARN_STRICT_PROTOTYPES = YES;
				CLANG_WARN_SUSPICIOUS_MOVE = YES;
				CLANG_WARN_UNGUARDED_AVAILABILITY = YES_AGGRESSIVE;
				CLANG_WARN_UNREACHABLE_CODE = YES;
				CLANG_WARN__DUPLICATE_METHOD_MATCH = YES;
				COPY_PHASE_STRIP = NO;
				DEBUG_INFORMATION_FORMAT = dwarf;
				ENABLE_STRICT_OBJC_MSGSEND = YES;
				ENABLE_TESTABILITY = YES;
				ENABLE_USER_SCRIPT_SANDBOXING = YES;
				GCC_C_LANGUAGE_STANDARD = gnu17;
				GCC_DYNAMIC_NO_PIC = NO;
				GCC_NO_COMMON_BLOCKS = YES;
				GCC_OPTIMIZATION_LEVEL = 0;
				GCC_PREPROCESSOR_DEFINITIONS = (
					"DEBUG=1",
					"$(inherited)",
				);
				GCC_WARN_64_TO_32_BIT_CONVERSION = YES;
				GCC_WARN_ABOUT_RETURN_TYPE = YES_ERROR;
				GCC_WARN_UNDECLARED_SELECTOR = YES;
				GCC_WARN_UNINITIALIZED_AUTOS = YES_AGGRESSIVE;
				GCC_WARN_UNUSED_FUNCTION = YES;
				GCC_WARN_UNUSED_VARIABLE = YES;
				IPHONEOS_DEPLOYMENT_TARGET = 17.0;
				LOCALIZATION_PREFERS_STRING_CATALOGS = YES;
				MTL_ENABLE_DEBUG_INFO = INCLUDE_SOURCE;
				MTL_FAST_MATH = YES;
				ONLY_ACTIVE_ARCH = YES;
				SDKROOT = iphoneos;
				SWIFT_ACTIVE_COMPILATION_CONDITIONS = "DEBUG $(inherited)";
				SWIFT_OPTIMIZATION_LEVEL = "-Onone";
			};
			name = Debug;
		};
		2150A8812B1A446300FA2FD8 /* Release */ = {
			isa = XCBuildConfiguration;
			buildSettings = {
				ALWAYS_SEARCH_USER_PATHS = NO;
				ASSETCATALOG_COMPILER_GENERATE_SWIFT_ASSET_SYMBOL_EXTENSIONS = YES;
				CLANG_ANALYZER_NONNULL = YES;
				CLANG_ANALYZER_NUMBER_OBJECT_CONVERSION = YES_AGGRESSIVE;
				CLANG_CXX_LANGUAGE_STANDARD = "gnu++20";
				CLANG_ENABLE_MODULES = YES;
				CLANG_ENABLE_OBJC_ARC = YES;
				CLANG_ENABLE_OBJC_WEAK = YES;
				CLANG_WARN_BLOCK_CAPTURE_AUTORELEASING = YES;
				CLANG_WARN_BOOL_CONVERSION = YES;
				CLANG_WARN_COMMA = YES;
				CLANG_WARN_CONSTANT_CONVERSION = YES;
				CLANG_WARN_DEPRECATED_OBJC_IMPLEMENTATIONS = YES;
				CLANG_WARN_DIRECT_OBJC_ISA_USAGE = YES_ERROR;
				CLANG_WARN_DOCUMENTATION_COMMENTS = YES;
				CLANG_WARN_EMPTY_BODY = YES;
				CLANG_WARN_ENUM_CONVERSION = YES;
				CLANG_WARN_INFINITE_RECURSION = YES;
				CLANG_WARN_INT_CONVERSION = YES;
				CLANG_WARN_NON_LITERAL_NULL_CONVERSION = YES;
				CLANG_WARN_OBJC_IMPLICIT_RETAIN_SELF = YES;
				CLANG_WARN_OBJC_LITERAL_CONVERSION = YES;
				CLANG_WARN_OBJC_ROOT_CLASS = YES_ERROR;
				CLANG_WARN_QUOTED_INCLUDE_IN_FRAMEWORK_HEADER = YES;
				CLANG_WARN_RANGE_LOOP_ANALYSIS = YES;
				CLANG_WARN_STRICT_PROTOTYPES = YES;
				CLANG_WARN_SUSPICIOUS_MOVE = YES;
				CLANG_WARN_UNGUARDED_AVAILABILITY = YES_AGGRESSIVE;
				CLANG_WARN_UNREACHABLE_CODE = YES;
				CLANG_WARN__DUPLICATE_METHOD_MATCH = YES;
				COPY_PHASE_STRIP = NO;
				DEBUG_INFORMATION_FORMAT = "dwarf-with-dsym";
				ENABLE_NS_ASSERTIONS = NO;
				ENABLE_STRICT_OBJC_MSGSEND = YES;
				ENABLE_USER_SCRIPT_SANDBOXING = YES;
				GCC_C_LANGUAGE_STANDARD = gnu17;
				GCC_NO_COMMON_BLOCKS = YES;
				GCC_WARN_64_TO_32_BIT_CONVERSION = YES;
				GCC_WARN_ABOUT_RETURN_TYPE = YES_ERROR;
				GCC_WARN_UNDECLARED_SELECTOR = YES;
				GCC_WARN_UNINITIALIZED_AUTOS = YES_AGGRESSIVE;
				GCC_WARN_UNUSED_FUNCTION = YES;
				GCC_WARN_UNUSED_VARIABLE = YES;
				IPHONEOS_DEPLOYMENT_TARGET = 17.0;
				LOCALIZATION_PREFERS_STRING_CATALOGS = YES;
				MTL_ENABLE_DEBUG_INFO = NO;
				MTL_FAST_MATH = YES;
				SDKROOT = iphoneos;
				SWIFT_COMPILATION_MODE = wholemodule;
				VALIDATE_PRODUCT = YES;
			};
			name = Release;
		};
		2150A8832B1A446300FA2FD8 /* Debug */ = {
			isa = XCBuildConfiguration;
			buildSettings = {
				ASSETCATALOG_COMPILER_APPICON_NAME = AppIcon;
				ASSETCATALOG_COMPILER_GLOBAL_ACCENT_COLOR_NAME = AccentColor;
				CODE_SIGN_STYLE = Automatic;
				CURRENT_PROJECT_VERSION = 1;
				GENERATE_INFOPLIST_FILE = YES;
				INFOPLIST_FILE = WorldWonders/Info.plist;
				INFOPLIST_KEY_UIApplicationSupportsIndirectInputEvents = YES;
				INFOPLIST_KEY_UILaunchStoryboardName = LaunchScreen;
				INFOPLIST_KEY_UIMainStoryboardFile = Main;
				INFOPLIST_KEY_UISupportedInterfaceOrientations_iPad = "UIInterfaceOrientationPortrait UIInterfaceOrientationPortraitUpsideDown UIInterfaceOrientationLandscapeLeft UIInterfaceOrientationLandscapeRight";
				INFOPLIST_KEY_UISupportedInterfaceOrientations_iPhone = "UIInterfaceOrientationPortrait UIInterfaceOrientationLandscapeLeft UIInterfaceOrientationLandscapeRight";
				LD_RUNPATH_SEARCH_PATHS = (
					"$(inherited)",
					"@executable_path/Frameworks",
				);
				MARKETING_VERSION = 1.0;
				PRODUCT_BUNDLE_IDENTIFIER = Baigali.WorldWonders;
				PRODUCT_NAME = "$(TARGET_NAME)";
				SWIFT_EMIT_LOC_STRINGS = YES;
				SWIFT_VERSION = 5.0;
				TARGETED_DEVICE_FAMILY = "1,2";
			};
			name = Debug;
		};
		2150A8842B1A446300FA2FD8 /* Release */ = {
			isa = XCBuildConfiguration;
			buildSettings = {
				ASSETCATALOG_COMPILER_APPICON_NAME = AppIcon;
				ASSETCATALOG_COMPILER_GLOBAL_ACCENT_COLOR_NAME = AccentColor;
				CODE_SIGN_STYLE = Automatic;
				CURRENT_PROJECT_VERSION = 1;
				GENERATE_INFOPLIST_FILE = YES;
				INFOPLIST_FILE = WorldWonders/Info.plist;
				INFOPLIST_KEY_UIApplicationSupportsIndirectInputEvents = YES;
				INFOPLIST_KEY_UILaunchStoryboardName = LaunchScreen;
				INFOPLIST_KEY_UIMainStoryboardFile = Main;
				INFOPLIST_KEY_UISupportedInterfaceOrientations_iPad = "UIInterfaceOrientationPortrait UIInterfaceOrientationPortraitUpsideDown UIInterfaceOrientationLandscapeLeft UIInterfaceOrientationLandscapeRight";
				INFOPLIST_KEY_UISupportedInterfaceOrientations_iPhone = "UIInterfaceOrientationPortrait UIInterfaceOrientationLandscapeLeft UIInterfaceOrientationLandscapeRight";
				LD_RUNPATH_SEARCH_PATHS = (
					"$(inherited)",
					"@executable_path/Frameworks",
				);
				MARKETING_VERSION = 1.0;
				PRODUCT_BUNDLE_IDENTIFIER = Baigali.WorldWonders;
				PRODUCT_NAME = "$(TARGET_NAME)";
				SWIFT_EMIT_LOC_STRINGS = YES;
				SWIFT_VERSION = 5.0;
				TARGETED_DEVICE_FAMILY = "1,2";
			};
			name = Release;
		};
		2150A8862B1A446300FA2FD8 /* Debug */ = {
			isa = XCBuildConfiguration;
			buildSettings = {
				ALWAYS_EMBED_SWIFT_STANDARD_LIBRARIES = YES;
				BUNDLE_LOADER = "$(TEST_HOST)";
				CODE_SIGN_STYLE = Automatic;
				CURRENT_PROJECT_VERSION = 1;
				GENERATE_INFOPLIST_FILE = YES;
				IPHONEOS_DEPLOYMENT_TARGET = 17.0;
				MARKETING_VERSION = 1.0;
				PRODUCT_BUNDLE_IDENTIFIER = Baigali.WorldWondersTests;
				PRODUCT_NAME = "$(TARGET_NAME)";
				SWIFT_EMIT_LOC_STRINGS = NO;
				SWIFT_VERSION = 5.0;
				TARGETED_DEVICE_FAMILY = "1,2";
				TEST_HOST = "$(BUILT_PRODUCTS_DIR)/WorldWonders.app/$(BUNDLE_EXECUTABLE_FOLDER_PATH)/WorldWonders";
			};
			name = Debug;
		};
		2150A8872B1A446300FA2FD8 /* Release */ = {
			isa = XCBuildConfiguration;
			buildSettings = {
				ALWAYS_EMBED_SWIFT_STANDARD_LIBRARIES = YES;
				BUNDLE_LOADER = "$(TEST_HOST)";
				CODE_SIGN_STYLE = Automatic;
				CURRENT_PROJECT_VERSION = 1;
				GENERATE_INFOPLIST_FILE = YES;
				IPHONEOS_DEPLOYMENT_TARGET = 17.0;
				MARKETING_VERSION = 1.0;
				PRODUCT_BUNDLE_IDENTIFIER = Baigali.WorldWondersTests;
				PRODUCT_NAME = "$(TARGET_NAME)";
				SWIFT_EMIT_LOC_STRINGS = NO;
				SWIFT_VERSION = 5.0;
				TARGETED_DEVICE_FAMILY = "1,2";
				TEST_HOST = "$(BUILT_PRODUCTS_DIR)/WorldWonders.app/$(BUNDLE_EXECUTABLE_FOLDER_PATH)/WorldWonders";
			};
			name = Release;
		};
		2150A8892B1A446300FA2FD8 /* Debug */ = {
			isa = XCBuildConfiguration;
			buildSettings = {
				ALWAYS_EMBED_SWIFT_STANDARD_LIBRARIES = YES;
				CODE_SIGN_STYLE = Automatic;
				CURRENT_PROJECT_VERSION = 1;
				GENERATE_INFOPLIST_FILE = YES;
				MARKETING_VERSION = 1.0;
				PRODUCT_BUNDLE_IDENTIFIER = Baigali.WorldWondersUITests;
				PRODUCT_NAME = "$(TARGET_NAME)";
				SWIFT_EMIT_LOC_STRINGS = NO;
				SWIFT_VERSION = 5.0;
				TARGETED_DEVICE_FAMILY = "1,2";
				TEST_TARGET_NAME = WorldWonders;
			};
			name = Debug;
		};
		2150A88A2B1A446300FA2FD8 /* Release */ = {
			isa = XCBuildConfiguration;
			buildSettings = {
				ALWAYS_EMBED_SWIFT_STANDARD_LIBRARIES = YES;
				CODE_SIGN_STYLE = Automatic;
				CURRENT_PROJECT_VERSION = 1;
				GENERATE_INFOPLIST_FILE = YES;
				MARKETING_VERSION = 1.0;
				PRODUCT_BUNDLE_IDENTIFIER = Baigali.WorldWondersUITests;
				PRODUCT_NAME = "$(TARGET_NAME)";
				SWIFT_EMIT_LOC_STRINGS = NO;
				SWIFT_VERSION = 5.0;
				TARGETED_DEVICE_FAMILY = "1,2";
				TEST_TARGET_NAME = WorldWonders;
			};
			name = Release;
		};
/* End XCBuildConfiguration section */

/* Begin XCConfigurationList section */
		2150A8532B1A446100FA2FD8 /* Build configuration list for PBXProject "WorldWonders" */ = {
			isa = XCConfigurationList;
			buildConfigurations = (
				2150A8802B1A446300FA2FD8 /* Debug */,
				2150A8812B1A446300FA2FD8 /* Release */,
			);
			defaultConfigurationIsVisible = 0;
			defaultConfigurationName = Release;
		};
		2150A8822B1A446300FA2FD8 /* Build configuration list for PBXNativeTarget "WorldWonders" */ = {
			isa = XCConfigurationList;
			buildConfigurations = (
				2150A8832B1A446300FA2FD8 /* Debug */,
				2150A8842B1A446300FA2FD8 /* Release */,
			);
			defaultConfigurationIsVisible = 0;
			defaultConfigurationName = Release;
		};
		2150A8852B1A446300FA2FD8 /* Build configuration list for PBXNativeTarget "WorldWondersTests" */ = {
			isa = XCConfigurationList;
			buildConfigurations = (
				2150A8862B1A446300FA2FD8 /* Debug */,
				2150A8872B1A446300FA2FD8 /* Release */,
			);
			defaultConfigurationIsVisible = 0;
			defaultConfigurationName = Release;
		};
		2150A8882B1A446300FA2FD8 /* Build configuration list for PBXNativeTarget "WorldWondersUITests" */ = {
			isa = XCConfigurationList;
			buildConfigurations = (
				2150A8892B1A446300FA2FD8 /* Debug */,
				2150A88A2B1A446300FA2FD8 /* Release */,
			);
			defaultConfigurationIsVisible = 0;
			defaultConfigurationName = Release;
		};
/* End XCConfigurationList section */
	};
	rootObject = 2150A8502B1A446100FA2FD8 /* Project object */;
}
